
Microsoft Visual Studio Solution File, Format Version 12.00
# Visual Studio 15
VisualStudioVersion = 15.0.26730.16
MinimumVisualStudioVersion = 10.0.40219.1
Project("{FAE04EC0-301F-11D3-BF4B-00C04F79EFBC}") = "FizzBuzz", "FizzBuzz.csproj", "{E85A97C3-3013-4522-819C-EBD8DEFF3D3C}"
EndProject
Global
	GlobalSection(SolutionConfigurationPlatforms) = preSolution
		Debug|Any CPU = Debug|Any CPU
		Release|Any CPU = Release|Any CPU
	EndGlobalSection
	GlobalSection(ProjectConfigurationPlatforms) = postSolution
		{E85A97C3-3013-4522-819C-EBD8DEFF3D3C}.Debug|Any CPU.ActiveCfg = Debug|Any CPU
		{E85A97C3-3013-4522-819C-EBD8DEFF3D3C}.Debug|Any CPU.Build.0 = Debug|Any CPU
		{E85A97C3-3013-4522-819C-EBD8DEFF3D3C}.Release|Any CPU.ActiveCfg = Release|Any CPU
		{E85A97C3-3013-4522-819C-EBD8DEFF3D3C}.Release|Any CPU.Build.0 = Release|Any CPU
	EndGlobalSection
	GlobalSection(SolutionProperties) = preSolution
		HideSolutionNode = FALSE
	EndGlobalSection
	GlobalSection(ExtensibilityGlobals) = postSolution
		SolutionGuid = {0A1AD521-88A4-48A1-BB16-87B8FEFAC6AD}
	EndGlobalSection
EndGlobal
